
Microsoft Visual Studio Solution File, Format Version 12.00
# Visual Studio Version 17
VisualStudioVersion = 17.12.35728.132
MinimumVisualStudioVersion = 10.0.40219.1
Project("{2150E333-8FDC-42A3-9474-1A3956D46DE8}") = "SoundStore.Backend", "SoundStore.Backend", "{BB2E5682-E339-47F9-8A63-71B53880513C}"
EndProject
Project("{2150E333-8FDC-42A3-9474-1A3956D46DE8}") = "src", "src", "{02EA681E-C7D8-13C7-8484-4AC65E1B71E8}"
EndProject
Project("{2150E333-8FDC-42A3-9474-1A3956D46DE8}") = "test", "test", "{E6A7FB60-8B0D-4FC8-B6D5-07259928F7E9}"
EndProject
Project("{2150E333-8FDC-42A3-9474-1A3956D46DE8}") = "SoundStore.Customer", "SoundStore.Customer", "{D1151129-42B3-421E-BEFF-C7286AE4F308}"
EndProject
Project("{2150E333-8FDC-42A3-9474-1A3956D46DE8}") = "SoundStore.SharedViewModels", "SoundStore.SharedViewModels", "{06763FAA-2031-4B9A-877B-E8E80F702EBF}"
EndProject
Project("{FAE04EC0-301F-11D3-BF4B-00C04F79EFBC}") = "SoundStore.Application.Test", "SoundStore.Application.Test\SoundStore.Application.Test.csproj", "{DE8795A8-C713-47EB-99FD-2EEAB6A2DAFC}"
EndProject
Project("{FAE04EC0-301F-11D3-BF4B-00C04F79EFBC}") = "SoundStore.Application", "SoundStore.Application\SoundStore.Application.csproj", "{8F9B0D6D-955B-4EF8-B190-56B02C11B89B}"
EndProject
Project("{FAE04EC0-301F-11D3-BF4B-00C04F79EFBC}") = "SoundStore.Infrastructure", "SoundStore.Infrastructure\SoundStore.Infrastructure.csproj", "{4B7F4BB9-599A-475B-82C1-DE989656D98A}"
EndProject
Project("{FAE04EC0-301F-11D3-BF4B-00C04F79EFBC}") = "SoundStore.API", "SoundStore.API\SoundStore.API.csproj", "{720F8DBD-68FA-448A-A323-56F196A4C775}"
EndProject
Project("{FAE04EC0-301F-11D3-BF4B-00C04F79EFBC}") = "SoundStore.API.Test", "SoundStore.API.Test\SoundStore.API.Test.csproj", "{B0582ADA-0202-43AD-9154-1C026B810FD5}"
EndProject
Project("{FAE04EC0-301F-11D3-BF4B-00C04F79EFBC}") = "SoundStore.Shared", "SoundStore.Shared\SoundStore.Shared.csproj", "{0E55F2E1-150D-493D-B25D-AC0DEFF5E8CC}"
EndProject
Project("{FAE04EC0-301F-11D3-BF4B-00C04F79EFBC}") = "SoundStore.Web", "SoundStore.Web\SoundStore.Web.csproj", "{D299B9C6-CE28-4E7F-BE19-AE36F171B2CE}"
EndProject
Project("{FAE04EC0-301F-11D3-BF4B-00C04F79EFBC}") = "SoundStore.Domain", "SoundStore.Domain\SoundStore.Domain.csproj", "{B3C34785-D67B-72DE-74B1-1180838803FB}"
EndProject
Global
	GlobalSection(SolutionConfigurationPlatforms) = preSolution
		Debug|Any CPU = Debug|Any CPU
		Release|Any CPU = Release|Any CPU
	EndGlobalSection
	GlobalSection(ProjectConfigurationPlatforms) = postSolution
		{DE8795A8-C713-47EB-99FD-2EEAB6A2DAFC}.Debug|Any CPU.ActiveCfg = Debug|Any CPU
		{DE8795A8-C713-47EB-99FD-2EEAB6A2DAFC}.Debug|Any CPU.Build.0 = Debug|Any CPU
		{DE8795A8-C713-47EB-99FD-2EEAB6A2DAFC}.Release|Any CPU.ActiveCfg = Release|Any CPU
		{DE8795A8-C713-47EB-99FD-2EEAB6A2DAFC}.Release|Any CPU.Build.0 = Release|Any CPU
		{8F9B0D6D-955B-4EF8-B190-56B02C11B89B}.Debug|Any CPU.ActiveCfg = Debug|Any CPU
		{8F9B0D6D-955B-4EF8-B190-56B02C11B89B}.Debug|Any CPU.Build.0 = Debug|Any CPU
		{8F9B0D6D-955B-4EF8-B190-56B02C11B89B}.Release|Any CPU.ActiveCfg = Release|Any CPU
		{8F9B0D6D-955B-4EF8-B190-56B02C11B89B}.Release|Any CPU.Build.0 = Release|Any CPU
		{4B7F4BB9-599A-475B-82C1-DE989656D98A}.Debug|Any CPU.ActiveCfg = Debug|Any CPU
		{4B7F4BB9-599A-475B-82C1-DE989656D98A}.Debug|Any CPU.Build.0 = Debug|Any CPU
		{4B7F4BB9-599A-475B-82C1-DE989656D98A}.Release|Any CPU.ActiveCfg = Release|Any CPU
		{4B7F4BB9-599A-475B-82C1-DE989656D98A}.Release|Any CPU.Build.0 = Release|Any CPU
		{720F8DBD-68FA-448A-A323-56F196A4C775}.Debug|Any CPU.ActiveCfg = Debug|Any CPU
		{720F8DBD-68FA-448A-A323-56F196A4C775}.Debug|Any CPU.Build.0 = Debug|Any CPU
		{720F8DBD-68FA-448A-A323-56F196A4C775}.Release|Any CPU.ActiveCfg = Release|Any CPU
		{720F8DBD-68FA-448A-A323-56F196A4C775}.Release|Any CPU.Build.0 = Release|Any CPU
		{B0582ADA-0202-43AD-9154-1C026B810FD5}.Debug|Any CPU.ActiveCfg = Debug|Any CPU
		{B0582ADA-0202-43AD-9154-1C026B810FD5}.Debug|Any CPU.Build.0 = Debug|Any CPU
		{B0582ADA-0202-43AD-9154-1C026B810FD5}.Release|Any CPU.ActiveCfg = Release|Any CPU
		{B0582ADA-0202-43AD-9154-1C026B810FD5}.Release|Any CPU.Build.0 = Release|Any CPU
		{0E55F2E1-150D-493D-B25D-AC0DEFF5E8CC}.Debug|Any CPU.ActiveCfg = Debug|Any CPU
		{0E55F2E1-150D-493D-B25D-AC0DEFF5E8CC}.Debug|Any CPU.Build.0 = Debug|Any CPU
		{0E55F2E1-150D-493D-B25D-AC0DEFF5E8CC}.Release|Any CPU.ActiveCfg = Release|Any CPU
		{0E55F2E1-150D-493D-B25D-AC0DEFF5E8CC}.Release|Any CPU.Build.0 = Release|Any CPU
		{D299B9C6-CE28-4E7F-BE19-AE36F171B2CE}.Debug|Any CPU.ActiveCfg = Debug|Any CPU
		{D299B9C6-CE28-4E7F-BE19-AE36F171B2CE}.Debug|Any CPU.Build.0 = Debug|Any CPU
		{D299B9C6-CE28-4E7F-BE19-AE36F171B2CE}.Release|Any CPU.ActiveCfg = Release|Any CPU
		{D299B9C6-CE28-4E7F-BE19-AE36F171B2CE}.Release|Any CPU.Build.0 = Release|Any CPU
		{B3C34785-D67B-72DE-74B1-1180838803FB}.Debug|Any CPU.ActiveCfg = Debug|Any CPU
		{B3C34785-D67B-72DE-74B1-1180838803FB}.Debug|Any CPU.Build.0 = Debug|Any CPU
		{B3C34785-D67B-72DE-74B1-1180838803FB}.Release|Any CPU.ActiveCfg = Release|Any CPU
		{B3C34785-D67B-72DE-74B1-1180838803FB}.Release|Any CPU.Build.0 = Release|Any CPU
	EndGlobalSection
	GlobalSection(SolutionProperties) = preSolution
		HideSolutionNode = FALSE
	EndGlobalSection
	GlobalSection(NestedProjects) = preSolution
		{02EA681E-C7D8-13C7-8484-4AC65E1B71E8} = {BB2E5682-E339-47F9-8A63-71B53880513C}
		{E6A7FB60-8B0D-4FC8-B6D5-07259928F7E9} = {BB2E5682-E339-47F9-8A63-71B53880513C}
		{DE8795A8-C713-47EB-99FD-2EEAB6A2DAFC} = {E6A7FB60-8B0D-4FC8-B6D5-07259928F7E9}
		{8F9B0D6D-955B-4EF8-B190-56B02C11B89B} = {02EA681E-C7D8-13C7-8484-4AC65E1B71E8}
		{4B7F4BB9-599A-475B-82C1-DE989656D98A} = {02EA681E-C7D8-13C7-8484-4AC65E1B71E8}
		{720F8DBD-68FA-448A-A323-56F196A4C775} = {02EA681E-C7D8-13C7-8484-4AC65E1B71E8}
		{B0582ADA-0202-43AD-9154-1C026B810FD5} = {E6A7FB60-8B0D-4FC8-B6D5-07259928F7E9}
		{0E55F2E1-150D-493D-B25D-AC0DEFF5E8CC} = {06763FAA-2031-4B9A-877B-E8E80F702EBF}
		{D299B9C6-CE28-4E7F-BE19-AE36F171B2CE} = {D1151129-42B3-421E-BEFF-C7286AE4F308}
		{B3C34785-D67B-72DE-74B1-1180838803FB} = {02EA681E-C7D8-13C7-8484-4AC65E1B71E8}
	EndGlobalSection
	GlobalSection(ExtensibilityGlobals) = postSolution
		SolutionGuid = {BF34AB22-EBA2-461C-BC24-A3B74B41E75E}
	EndGlobalSection
EndGlobal
